// !$*UTF8*$!
{
	archiveVersion = 1;
	classes = {
	};
	objectVersion = 46;
	objects = {

/* Begin PBXBuildFile section */
		1D60589F0D05DD5A006BFB54 /* Foundation.framework in Frameworks */ = {isa = PBXBuildFile; fileRef = 1D30AB110D05D00D00671497 /* Foundation.framework */; };
		1DF5F4E00D08C38300B7A737 /* UIKit.framework in Frameworks */ = {isa = PBXBuildFile; fileRef = 1DF5F4DF0D08C38300B7A737 /* UIKit.framework */; };
		288765590DF743DE002DB57D /* CoreGraphics.framework in Frameworks */ = {isa = PBXBuildFile; fileRef = 288765580DF743DE002DB57D /* CoreGraphics.framework */; };
		D81E4D0A10A09027006F0A90 /* CXMLNode-utils.m in Sources */ = {isa = PBXBuildFile; fileRef = D81E4CB910A09026006F0A90 /* CXMLNode-utils.m */; };
		D81E4D0B10A09027006F0A90 /* CXMLDocument_CreationExtensions.m in Sources */ = {isa = PBXBuildFile; fileRef = D81E4CBD10A09026006F0A90 /* CXMLDocument_CreationExtensions.m */; };
		D81E4D0C10A09027006F0A90 /* CXMLNode_CreationExtensions.m in Sources */ = {isa = PBXBuildFile; fileRef = D81E4CBF10A09026006F0A90 /* CXMLNode_CreationExtensions.m */; };
		D81E4D0D10A09027006F0A90 /* CXMLDocument.m in Sources */ = {isa = PBXBuildFile; fileRef = D81E4CC110A09026006F0A90 /* CXMLDocument.m */; };
		D81E4D0E10A09027006F0A90 /* CXMLDocument_PrivateExtensions.m in Sources */ = {isa = PBXBuildFile; fileRef = D81E4CC310A09026006F0A90 /* CXMLDocument_PrivateExtensions.m */; };
		D81E4D0F10A09027006F0A90 /* CXMLElement.m in Sources */ = {isa = PBXBuildFile; fileRef = D81E4CC510A09026006F0A90 /* CXMLElement.m */; };
		D81E4D1010A09027006F0A90 /* CXMLElement_CreationExtensions.m in Sources */ = {isa = PBXBuildFile; fileRef = D81E4CC710A09026006F0A90 /* CXMLElement_CreationExtensions.m */; };
		D81E4D1110A09027006F0A90 /* CXMLElement_ElementTreeExtensions.m in Sources */ = {isa = PBXBuildFile; fileRef = D81E4CC910A09026006F0A90 /* CXMLElement_ElementTreeExtensions.m */; };
		D81E4D1210A09027006F0A90 /* CXMLNode.m in Sources */ = {isa = PBXBuildFile; fileRef = D81E4CCB10A09026006F0A90 /* CXMLNode.m */; };
		D81E4D1310A09027006F0A90 /* CXMLNode_PrivateExtensions.m in Sources */ = {isa = PBXBuildFile; fileRef = D81E4CCD10A09026006F0A90 /* CXMLNode_PrivateExtensions.m */; };
		D81E4D1410A09027006F0A90 /* CXMLNode_XPathExtensions.m in Sources */ = {isa = PBXBuildFile; fileRef = D81E4CCF10A09026006F0A90 /* CXMLNode_XPathExtensions.m */; };
		D81E4D1510A09027006F0A90 /* access.c in Sources */ = {isa = PBXBuildFile; fileRef = D81E4CD610A09026006F0A90 /* access.c */; };
		D81E4D1610A09027006F0A90 /* alloc.c in Sources */ = {isa = PBXBuildFile; fileRef = D81E4CD810A09026006F0A90 /* alloc.c */; };
		D81E4D1710A09027006F0A90 /* attrask.c in Sources */ = {isa = PBXBuildFile; fileRef = D81E4CD910A09026006F0A90 /* attrask.c */; };
		D81E4D1810A09027006F0A90 /* attrdict.c in Sources */ = {isa = PBXBuildFile; fileRef = D81E4CDA10A09026006F0A90 /* attrdict.c */; };
		D81E4D1910A09027006F0A90 /* attrget.c in Sources */ = {isa = PBXBuildFile; fileRef = D81E4CDC10A09026006F0A90 /* attrget.c */; };
		D81E4D1A10A09027006F0A90 /* attrs.c in Sources */ = {isa = PBXBuildFile; fileRef = D81E4CDD10A09026006F0A90 /* attrs.c */; };
		D81E4D1B10A09027006F0A90 /* buffio.c in Sources */ = {isa = PBXBuildFile; fileRef = D81E4CDF10A09026006F0A90 /* buffio.c */; };
		D81E4D1C10A09027006F0A90 /* charsets.c in Sources */ = {isa = PBXBuildFile; fileRef = D81E4CE010A09026006F0A90 /* charsets.c */; };
		D81E4D1D10A09027006F0A90 /* clean.c in Sources */ = {isa = PBXBuildFile; fileRef = D81E4CE210A09026006F0A90 /* clean.c */; };
		D81E4D1E10A09027006F0A90 /* config.c in Sources */ = {isa = PBXBuildFile; fileRef = D81E4CE410A09026006F0A90 /* config.c */; };
		D81E4D1F10A09027006F0A90 /* entities.c in Sources */ = {isa = PBXBuildFile; fileRef = D81E4CE610A09026006F0A90 /* entities.c */; };
		D81E4D2010A09027006F0A90 /* fileio.c in Sources */ = {isa = PBXBuildFile; fileRef = D81E4CE810A09026006F0A90 /* fileio.c */; };
		D81E4D2110A09027006F0A90 /* iconvtc.c in Sources */ = {isa = PBXBuildFile; fileRef = D81E4CEB10A09026006F0A90 /* iconvtc.c */; };
		D81E4D2210A09027006F0A90 /* istack.c in Sources */ = {isa = PBXBuildFile; fileRef = D81E4CED10A09026006F0A90 /* istack.c */; };
		D81E4D2310A09027006F0A90 /* lexer.c in Sources */ = {isa = PBXBuildFile; fileRef = D81E4CEE10A09026006F0A90 /* lexer.c */; };
		D81E4D2410A09027006F0A90 /* localize.c in Sources */ = {isa = PBXBuildFile; fileRef = D81E4CF010A09026006F0A90 /* localize.c */; };
		D81E4D2510A09027006F0A90 /* mappedio.c in Sources */ = {isa = PBXBuildFile; fileRef = D81E4CF110A09026006F0A90 /* mappedio.c */; };
		D81E4D2610A09027006F0A90 /* parser.c in Sources */ = {isa = PBXBuildFile; fileRef = D81E4CF410A09026006F0A90 /* parser.c */; };
		D81E4D2710A09027006F0A90 /* pprint.c in Sources */ = {isa = PBXBuildFile; fileRef = D81E4CF610A09026006F0A90 /* pprint.c */; };
		D81E4D2810A09027006F0A90 /* streamio.c in Sources */ = {isa = PBXBuildFile; fileRef = D81E4CF810A09026006F0A90 /* streamio.c */; };
		D81E4D2910A09027006F0A90 /* tagask.c in Sources */ = {isa = PBXBuildFile; fileRef = D81E4CFA10A09026006F0A90 /* tagask.c */; };
		D81E4D2A10A09027006F0A90 /* tags.c in Sources */ = {isa = PBXBuildFile; fileRef = D81E4CFB10A09026006F0A90 /* tags.c */; };
		D81E4D2B10A09027006F0A90 /* tidylib.c in Sources */ = {isa = PBXBuildFile; fileRef = D81E4CFE10A09026006F0A90 /* tidylib.c */; };
		D81E4D2C10A09027006F0A90 /* tmbstr.c in Sources */ = {isa = PBXBuildFile; fileRef = D81E4CFF10A09026006F0A90 /* tmbstr.c */; };
		D81E4D2D10A09027006F0A90 /* utf8.c in Sources */ = {isa = PBXBuildFile; fileRef = D81E4D0110A09026006F0A90 /* utf8.c */; };
		D81E4D2E10A09027006F0A90 /* win32tc.c in Sources */ = {isa = PBXBuildFile; fileRef = D81E4D0410A09026006F0A90 /* win32tc.c */; };
		D81E4D2F10A09027006F0A90 /* CTidy.m in Sources */ = {isa = PBXBuildFile; fileRef = D81E4D0810A09026006F0A90 /* CTidy.m */; };
		D84511CE10B27DB5002BE7D7 /* Reachability.m in Sources */ = {isa = PBXBuildFile; fileRef = D84511CD10B27DB5002BE7D7 /* Reachability.m */; };
		D845122610B31781002BE7D7 /* InternetRequiredView.xib in Resources */ = {isa = PBXBuildFile; fileRef = D845122510B31781002BE7D7 /* InternetRequiredView.xib */; };
		D845123A10B318EE002BE7D7 /* InternetRequiredViewController.m in Sources */ = {isa = PBXBuildFile; fileRef = D845123910B318EE002BE7D7 /* InternetRequiredViewController.m */; };
		D845123F10B31EC2002BE7D7 /* logo_no_internet.png in Resources */ = {isa = PBXBuildFile; fileRef = D845123E10B31EC2002BE7D7 /* logo_no_internet.png */; };
		D845127310B328A5002BE7D7 /* SystemConfiguration.framework in Frameworks */ = {isa = PBXBuildFile; fileRef = D845127210B328A5002BE7D7 /* SystemConfiguration.framework */; };
		D851C24210C250F90041F3DE /* warning_icon_black.png in Resources */ = {isa = PBXBuildFile; fileRef = D851C24110C250F90041F3DE /* warning_icon_black.png */; };
		D8E9749210A0971C0065EE31 /* TedometerAppDelegate.m in Sources */ = {isa = PBXBuildFile; fileRef = D8E9749110A0971C0065EE31 /* TedometerAppDelegate.m */; };
		D8E9749710A097390065EE31 /* MainView.m in Sources */ = {isa = PBXBuildFile; fileRef = D8E9749410A097390065EE31 /* MainView.m */; };
		D8E9749810A097390065EE31 /* MainViewController.m in Sources */ = {isa = PBXBuildFile; fileRef = D8E9749610A097390065EE31 /* MainViewController.m */; };
		D8E974A410A097B10065EE31 /* FlipsideView.m in Sources */ = {isa = PBXBuildFile; fileRef = D8E974A110A097B10065EE31 /* FlipsideView.m */; };
		D8E974A510A097B10065EE31 /* FlipsideViewController.m in Sources */ = {isa = PBXBuildFile; fileRef = D8E974A310A097B10065EE31 /* FlipsideViewController.m */; };
		D8E974A710A097C20065EE31 /* FlipsideView.xib in Resources */ = {isa = PBXBuildFile; fileRef = D8E974A610A097C20065EE31 /* FlipsideView.xib */; };
		D8E974A910A097D00065EE31 /* MainView.xib in Resources */ = {isa = PBXBuildFile; fileRef = D8E974A810A097D00065EE31 /* MainView.xib */; };
		D8E974AD10A097F70065EE31 /* MeterView.m in Sources */ = {isa = PBXBuildFile; fileRef = D8E974AC10A097F70065EE31 /* MeterView.m */; };
		D8E974BB10A098520065EE31 /* CarbonMeter.m in Sources */ = {isa = PBXBuildFile; fileRef = D8E974B010A098520065EE31 /* CarbonMeter.m */; };
		D8E974BC10A098520065EE31 /* CostMeter.m in Sources */ = {isa = PBXBuildFile; fileRef = D8E974B210A098520065EE31 /* CostMeter.m */; };
		D8E974BD10A098520065EE31 /* Meter.m in Sources */ = {isa = PBXBuildFile; fileRef = D8E974B410A098520065EE31 /* Meter.m */; };
		D8E974BE10A098520065EE31 /* PowerMeter.m in Sources */ = {isa = PBXBuildFile; fileRef = D8E974B610A098520065EE31 /* PowerMeter.m */; };
		D8E974BF10A098520065EE31 /* TedometerData.m in Sources */ = {isa = PBXBuildFile; fileRef = D8E974B810A098520065EE31 /* TedometerData.m */; };
		D8E974C010A098520065EE31 /* VoltageMeter.m in Sources */ = {isa = PBXBuildFile; fileRef = D8E974BA10A098520065EE31 /* VoltageMeter.m */; };
		D8E974C310A098810065EE31 /* main.m in Sources */ = {isa = PBXBuildFile; fileRef = D8E974C210A098810065EE31 /* main.m */; };
		D8E974C710A098CD0065EE31 /* arrow_avg.png in Resources */ = {isa = PBXBuildFile; fileRef = D8E974C410A098CD0065EE31 /* arrow_avg.png */; };
		D8E974C810A098CD0065EE31 /* arrow_low.png in Resources */ = {isa = PBXBuildFile; fileRef = D8E974C510A098CD0065EE31 /* arrow_low.png */; };
		D8E974C910A098CD0065EE31 /* arrow_peak.png in Resources */ = {isa = PBXBuildFile; fileRef = D8E974C610A098CD0065EE31 /* arrow_peak.png */; };
		D8E974CB10A098E20065EE31 /* icon_full.png in Resources */ = {isa = PBXBuildFile; fileRef = D8E974CA10A098E20065EE31 /* icon_full.png */; };
		D8E974CD10A098F00065EE31 /* MainWindow.xib in Resources */ = {isa = PBXBuildFile; fileRef = D8E974CC10A098F00065EE31 /* MainWindow.xib */; };
		D8E974D210A099120065EE31 /* meter_bg_metal.png in Resources */ = {isa = PBXBuildFile; fileRef = D8E974CF10A099120065EE31 /* meter_bg_metal.png */; };
		D8E974D310A099120065EE31 /* meter_glare.png in Resources */ = {isa = PBXBuildFile; fileRef = D8E974D010A099120065EE31 /* meter_glare.png */; };
		D8E974D510A0992F0065EE31 /* translucentButton.png in Resources */ = {isa = PBXBuildFile; fileRef = D8E974D410A0992F0065EE31 /* translucentButton.png */; };
		D8E974D710A099380065EE31 /* whiteButtonPressed.png in Resources */ = {isa = PBXBuildFile; fileRef = D8E974D610A099380065EE31 /* whiteButtonPressed.png */; };
		D8E9756C10A143820065EE31 /* libCorePlot-CocoaTouch.a in Frameworks */ = {isa = PBXBuildFile; fileRef = D8E9756710A143360065EE31 /* libCorePlot-CocoaTouch.a */; };
		D8E9757310A146890065EE31 /* QuartzCore.framework in Frameworks */ = {isa = PBXBuildFile; fileRef = D8E9757210A146890065EE31 /* QuartzCore.framework */; };
/* End PBXBuildFile section */

/* Begin PBXContainerItemProxy section */
		D8E9756610A143360065EE31 /* PBXContainerItemProxy */ = {
			isa = PBXContainerItemProxy;
			containerPortal = D8E9755F10A143360065EE31 /* CorePlot-CocoaTouch.xcodeproj */;
			proxyType = 2;
			remoteGlobalIDString = BC9B83470FB8A0A40035D8DA;
			remoteInfo = "CorePlot-CocoaTouch";
		};
		D8E9756910A143530065EE31 /* PBXContainerItemProxy */ = {
			isa = PBXContainerItemProxy;
			containerPortal = D8E9755F10A143360065EE31 /* CorePlot-CocoaTouch.xcodeproj */;
			proxyType = 1;
			remoteGlobalIDString = BC9B83460FB8A0A40035D8DA;
			remoteInfo = "CorePlot-CocoaTouch";
		};
/* End PBXContainerItemProxy section */

/* Begin PBXFileReference section */
		1D30AB110D05D00D00671497 /* Foundation.framework */ = {isa = PBXFileReference; lastKnownFileType = wrapper.framework; name = Foundation.framework; path = System/Library/Frameworks/Foundation.framework; sourceTree = SDKROOT; };
		1D6058910D05DD3D006BFB54 /* TED-O-Meter.app */ = {isa = PBXFileReference; explicitFileType = wrapper.application; includeInIndex = 0; path = "TED-O-Meter.app"; sourceTree = BUILT_PRODUCTS_DIR; };
		1DF5F4DF0D08C38300B7A737 /* UIKit.framework */ = {isa = PBXFileReference; lastKnownFileType = wrapper.framework; name = UIKit.framework; path = System/Library/Frameworks/UIKit.framework; sourceTree = SDKROOT; };
		288765580DF743DE002DB57D /* CoreGraphics.framework */ = {isa = PBXFileReference; lastKnownFileType = wrapper.framework; name = CoreGraphics.framework; path = System/Library/Frameworks/CoreGraphics.framework; sourceTree = SDKROOT; };
		32CA4F630368D1EE00C91783 /* Ted-O-Meter_Prefix.pch */ = {isa = PBXFileReference; fileEncoding = 4; lastKnownFileType = sourcecode.c.h; path = "Ted-O-Meter_Prefix.pch"; sourceTree = "<group>"; };
		D81E4CB810A09026006F0A90 /* CXMLNode-utils.h */ = {isa = PBXFileReference; fileEncoding = 4; lastKnownFileType = sourcecode.c.h; name = "CXMLNode-utils.h"; path = "Source/CXMLNode-utils.h"; sourceTree = "<group>"; };
		D81E4CB910A09026006F0A90 /* CXMLNode-utils.m */ = {isa = PBXFileReference; fileEncoding = 4; lastKnownFileType = sourcecode.c.objc; name = "CXMLNode-utils.m"; path = "Source/CXMLNode-utils.m"; sourceTree = "<group>"; };
		D81E4CBC10A09026006F0A90 /* CXMLDocument_CreationExtensions.h */ = {isa = PBXFileReference; fileEncoding = 4; lastKnownFileType = sourcecode.c.h; path = CXMLDocument_CreationExtensions.h; sourceTree = "<group>"; };
		D81E4CBD10A09026006F0A90 /* CXMLDocument_CreationExtensions.m */ = {isa = PBXFileReference; fileEncoding = 4; lastKnownFileType = sourcecode.c.objc; path = CXMLDocument_CreationExtensions.m; sourceTree = "<group>"; };
		D81E4CBE10A09026006F0A90 /* CXMLNode_CreationExtensions.h */ = {isa = PBXFileReference; fileEncoding = 4; lastKnownFileType = sourcecode.c.h; path = CXMLNode_CreationExtensions.h; sourceTree = "<group>"; };
		D81E4CBF10A09026006F0A90 /* CXMLNode_CreationExtensions.m */ = {isa = PBXFileReference; fileEncoding = 4; lastKnownFileType = sourcecode.c.objc; path = CXMLNode_CreationExtensions.m; sourceTree = "<group>"; };
		D81E4CC010A09026006F0A90 /* CXMLDocument.h */ = {isa = PBXFileReference; fileEncoding = 4; lastKnownFileType = sourcecode.c.h; path = CXMLDocument.h; sourceTree = "<group>"; };
		D81E4CC110A09026006F0A90 /* CXMLDocument.m */ = {isa = PBXFileReference; fileEncoding = 4; lastKnownFileType = sourcecode.c.objc; path = CXMLDocument.m; sourceTree = "<group>"; };
		D81E4CC210A09026006F0A90 /* CXMLDocument_PrivateExtensions.h */ = {isa = PBXFileReference; fileEncoding = 4; lastKnownFileType = sourcecode.c.h; path = CXMLDocument_PrivateExtensions.h; sourceTree = "<group>"; };
		D81E4CC310A09026006F0A90 /* CXMLDocument_PrivateExtensions.m */ = {isa = PBXFileReference; fileEncoding = 4; lastKnownFileType = sourcecode.c.objc; path = CXMLDocument_PrivateExtensions.m; sourceTree = "<group>"; };
		D81E4CC410A09026006F0A90 /* CXMLElement.h */ = {isa = PBXFileReference; fileEncoding = 4; lastKnownFileType = sourcecode.c.h; path = CXMLElement.h; sourceTree = "<group>"; };
		D81E4CC510A09026006F0A90 /* CXMLElement.m */ = {isa = PBXFileReference; fileEncoding = 4; lastKnownFileType = sourcecode.c.objc; path = CXMLElement.m; sourceTree = "<group>"; };
		D81E4CC610A09026006F0A90 /* CXMLElement_CreationExtensions.h */ = {isa = PBXFileReference; fileEncoding = 4; lastKnownFileType = sourcecode.c.h; path = CXMLElement_CreationExtensions.h; sourceTree = "<group>"; };
		D81E4CC710A09026006F0A90 /* CXMLElement_CreationExtensions.m */ = {isa = PBXFileReference; fileEncoding = 4; lastKnownFileType = sourcecode.c.objc; path = CXMLElement_CreationExtensions.m; sourceTree = "<group>"; };
		D81E4CC810A09026006F0A90 /* CXMLElement_ElementTreeExtensions.h */ = {isa = PBXFileReference; fileEncoding = 4; lastKnownFileType = sourcecode.c.h; path = CXMLElement_ElementTreeExtensions.h; sourceTree = "<group>"; };
		D81E4CC910A09026006F0A90 /* CXMLElement_ElementTreeExtensions.m */ = {isa = PBXFileReference; fileEncoding = 4; lastKnownFileType = sourcecode.c.objc; path = CXMLElement_ElementTreeExtensions.m; sourceTree = "<group>"; };
		D81E4CCA10A09026006F0A90 /* CXMLNode.h */ = {isa = PBXFileReference; fileEncoding = 4; lastKnownFileType = sourcecode.c.h; path = CXMLNode.h; sourceTree = "<group>"; };
		D81E4CCB10A09026006F0A90 /* CXMLNode.m */ = {isa = PBXFileReference; fileEncoding = 4; lastKnownFileType = sourcecode.c.objc; path = CXMLNode.m; sourceTree = "<group>"; };
		D81E4CCC10A09026006F0A90 /* CXMLNode_PrivateExtensions.h */ = {isa = PBXFileReference; fileEncoding = 4; lastKnownFileType = sourcecode.c.h; path = CXMLNode_PrivateExtensions.h; sourceTree = "<group>"; };
		D81E4CCD10A09026006F0A90 /* CXMLNode_PrivateExtensions.m */ = {isa = PBXFileReference; fileEncoding = 4; lastKnownFileType = sourcecode.c.objc; path = CXMLNode_PrivateExtensions.m; sourceTree = "<group>"; };
		D81E4CCE10A09026006F0A90 /* CXMLNode_XPathExtensions.h */ = {isa = PBXFileReference; fileEncoding = 4; lastKnownFileType = sourcecode.c.h; path = CXMLNode_XPathExtensions.h; sourceTree = "<group>"; };
		D81E4CCF10A09026006F0A90 /* CXMLNode_XPathExtensions.m */ = {isa = PBXFileReference; fileEncoding = 4; lastKnownFileType = sourcecode.c.objc; path = CXMLNode_XPathExtensions.m; sourceTree = "<group>"; };
		D81E4CD110A09026006F0A90 /* buffio.h */ = {isa = PBXFileReference; fileEncoding = 4; lastKnownFileType = sourcecode.c.h; path = buffio.h; sourceTree = "<group>"; };
		D81E4CD210A09026006F0A90 /* platform.h */ = {isa = PBXFileReference; fileEncoding = 4; lastKnownFileType = sourcecode.c.h; path = platform.h; sourceTree = "<group>"; };
		D81E4CD310A09026006F0A90 /* tidy.h */ = {isa = PBXFileReference; fileEncoding = 4; lastKnownFileType = sourcecode.c.h; path = tidy.h; sourceTree = "<group>"; };
		D81E4CD410A09026006F0A90 /* tidyenum.h */ = {isa = PBXFileReference; fileEncoding = 4; lastKnownFileType = sourcecode.c.h; path = tidyenum.h; sourceTree = "<group>"; };
		D81E4CD610A09026006F0A90 /* access.c */ = {isa = PBXFileReference; fileEncoding = 4; lastKnownFileType = sourcecode.c.c; path = access.c; sourceTree = "<group>"; };
		D81E4CD710A09026006F0A90 /* access.h */ = {isa = PBXFileReference; fileEncoding = 4; lastKnownFileType = sourcecode.c.h; path = access.h; sourceTree = "<group>"; };
		D81E4CD810A09026006F0A90 /* alloc.c */ = {isa = PBXFileReference; fileEncoding = 4; lastKnownFileType = sourcecode.c.c; path = alloc.c; sourceTree = "<group>"; };
		D81E4CD910A09026006F0A90 /* attrask.c */ = {isa = PBXFileReference; fileEncoding = 4; lastKnownFileType = sourcecode.c.c; path = attrask.c; sourceTree = "<group>"; };
		D81E4CDA10A09026006F0A90 /* attrdict.c */ = {isa = PBXFileReference; fileEncoding = 4; lastKnownFileType = sourcecode.c.c; path = attrdict.c; sourceTree = "<group>"; };
		D81E4CDB10A09026006F0A90 /* attrdict.h */ = {isa = PBXFileReference; fileEncoding = 4; lastKnownFileType = sourcecode.c.h; path = attrdict.h; sourceTree = "<group>"; };
		D81E4CDC10A09026006F0A90 /* attrget.c */ = {isa = PBXFileReference; fileEncoding = 4; lastKnownFileType = sourcecode.c.c; path = attrget.c; sourceTree = "<group>"; };
		D81E4CDD10A09026006F0A90 /* attrs.c */ = {isa = PBXFileReference; fileEncoding = 4; lastKnownFileType = sourcecode.c.c; path = attrs.c; sourceTree = "<group>"; };
		D81E4CDE10A09026006F0A90 /* attrs.h */ = {isa = PBXFileReference; fileEncoding = 4; lastKnownFileType = sourcecode.c.h; path = attrs.h; sourceTree = "<group>"; };
		D81E4CDF10A09026006F0A90 /* buffio.c */ = {isa = PBXFileReference; fileEncoding = 4; lastKnownFileType = sourcecode.c.c; path = buffio.c; sourceTree = "<group>"; };
		D81E4CE010A09026006F0A90 /* charsets.c */ = {isa = PBXFileReference; fileEncoding = 4; lastKnownFileType = sourcecode.c.c; path = charsets.c; sourceTree = "<group>"; };
		D81E4CE110A09026006F0A90 /* charsets.h */ = {isa = PBXFileReference; fileEncoding = 4; lastKnownFileType = sourcecode.c.h; path = charsets.h; sourceTree = "<group>"; };
		D81E4CE210A09026006F0A90 /* clean.c */ = {isa = PBXFileReference; fileEncoding = 4; lastKnownFileType = sourcecode.c.c; path = clean.c; sourceTree = "<group>"; };
		D81E4CE310A09026006F0A90 /* clean.h */ = {isa = PBXFileReference; fileEncoding = 4; lastKnownFileType = sourcecode.c.h; path = clean.h; sourceTree = "<group>"; };
		D81E4CE410A09026006F0A90 /* config.c */ = {isa = PBXFileReference; fileEncoding = 4; lastKnownFileType = sourcecode.c.c; path = config.c; sourceTree = "<group>"; };
		D81E4CE510A09026006F0A90 /* config.h */ = {isa = PBXFileReference; fileEncoding = 4; lastKnownFileType = sourcecode.c.h; path = config.h; sourceTree = "<group>"; };
		D81E4CE610A09026006F0A90 /* entities.c */ = {isa = PBXFileReference; fileEncoding = 4; lastKnownFileType = sourcecode.c.c; path = entities.c; sourceTree = "<group>"; };
		D81E4CE710A09026006F0A90 /* entities.h */ = {isa = PBXFileReference; fileEncoding = 4; lastKnownFileType = sourcecode.c.h; path = entities.h; sourceTree = "<group>"; };
		D81E4CE810A09026006F0A90 /* fileio.c */ = {isa = PBXFileReference; fileEncoding = 4; lastKnownFileType = sourcecode.c.c; path = fileio.c; sourceTree = "<group>"; };
		D81E4CE910A09026006F0A90 /* fileio.h */ = {isa = PBXFileReference; fileEncoding = 4; lastKnownFileType = sourcecode.c.h; path = fileio.h; sourceTree = "<group>"; };
		D81E4CEA10A09026006F0A90 /* forward.h */ = {isa = PBXFileReference; fileEncoding = 4; lastKnownFileType = sourcecode.c.h; path = forward.h; sourceTree = "<group>"; };
		D81E4CEB10A09026006F0A90 /* iconvtc.c */ = {isa = PBXFileReference; fileEncoding = 4; lastKnownFileType = sourcecode.c.c; path = iconvtc.c; sourceTree = "<group>"; };
		D81E4CEC10A09026006F0A90 /* iconvtc.h */ = {isa = PBXFileReference; fileEncoding = 4; lastKnownFileType = sourcecode.c.h; path = iconvtc.h; sourceTree = "<group>"; };
		D81E4CED10A09026006F0A90 /* istack.c */ = {isa = PBXFileReference; fileEncoding = 4; lastKnownFileType = sourcecode.c.c; path = istack.c; sourceTree = "<group>"; };
		D81E4CEE10A09026006F0A90 /* lexer.c */ = {isa = PBXFileReference; fileEncoding = 4; lastKnownFileType = sourcecode.c.c; path = lexer.c; sourceTree = "<group>"; };
		D81E4CEF10A09026006F0A90 /* lexer.h */ = {isa = PBXFileReference; fileEncoding = 4; lastKnownFileType = sourcecode.c.h; path = lexer.h; sourceTree = "<group>"; };
		D81E4CF010A09026006F0A90 /* localize.c */ = {isa = PBXFileReference; fileEncoding = 4; lastKnownFileType = sourcecode.c.c; path = localize.c; sourceTree = "<group>"; };
		D81E4CF110A09026006F0A90 /* mappedio.c */ = {isa = PBXFileReference; fileEncoding = 4; lastKnownFileType = sourcecode.c.c; path = mappedio.c; sourceTree = "<group>"; };
		D81E4CF210A09026006F0A90 /* mappedio.h */ = {isa = PBXFileReference; fileEncoding = 4; lastKnownFileType = sourcecode.c.h; path = mappedio.h; sourceTree = "<group>"; };
		D81E4CF310A09026006F0A90 /* message.h */ = {isa = PBXFileReference; fileEncoding = 4; lastKnownFileType = sourcecode.c.h; path = message.h; sourceTree = "<group>"; };
		D81E4CF410A09026006F0A90 /* parser.c */ = {isa = PBXFileReference; fileEncoding = 4; lastKnownFileType = sourcecode.c.c; path = parser.c; sourceTree = "<group>"; };
		D81E4CF510A09026006F0A90 /* parser.h */ = {isa = PBXFileReference; fileEncoding = 4; lastKnownFileType = sourcecode.c.h; path = parser.h; sourceTree = "<group>"; };
		D81E4CF610A09026006F0A90 /* pprint.c */ = {isa = PBXFileReference; fileEncoding = 4; lastKnownFileType = sourcecode.c.c; path = pprint.c; sourceTree = "<group>"; };
		D81E4CF710A09026006F0A90 /* pprint.h */ = {isa = PBXFileReference; fileEncoding = 4; lastKnownFileType = sourcecode.c.h; path = pprint.h; sourceTree = "<group>"; };
		D81E4CF810A09026006F0A90 /* streamio.c */ = {isa = PBXFileReference; fileEncoding = 4; lastKnownFileType = sourcecode.c.c; path = streamio.c; sourceTree = "<group>"; };
		D81E4CF910A09026006F0A90 /* streamio.h */ = {isa = PBXFileReference; fileEncoding = 4; lastKnownFileType = sourcecode.c.h; path = streamio.h; sourceTree = "<group>"; };
		D81E4CFA10A09026006F0A90 /* tagask.c */ = {isa = PBXFileReference; fileEncoding = 4; lastKnownFileType = sourcecode.c.c; path = tagask.c; sourceTree = "<group>"; };
		D81E4CFB10A09026006F0A90 /* tags.c */ = {isa = PBXFileReference; fileEncoding = 4; lastKnownFileType = sourcecode.c.c; path = tags.c; sourceTree = "<group>"; };
		D81E4CFC10A09026006F0A90 /* tags.h */ = {isa = PBXFileReference; fileEncoding = 4; lastKnownFileType = sourcecode.c.h; path = tags.h; sourceTree = "<group>"; };
		D81E4CFD10A09026006F0A90 /* tidy-int.h */ = {isa = PBXFileReference; fileEncoding = 4; lastKnownFileType = sourcecode.c.h; path = "tidy-int.h"; sourceTree = "<group>"; };
		D81E4CFE10A09026006F0A90 /* tidylib.c */ = {isa = PBXFileReference; fileEncoding = 4; lastKnownFileType = sourcecode.c.c; path = tidylib.c; sourceTree = "<group>"; };
		D81E4CFF10A09026006F0A90 /* tmbstr.c */ = {isa = PBXFileReference; fileEncoding = 4; lastKnownFileType = sourcecode.c.c; path = tmbstr.c; sourceTree = "<group>"; };
		D81E4D0010A09026006F0A90 /* tmbstr.h */ = {isa = PBXFileReference; fileEncoding = 4; lastKnownFileType = sourcecode.c.h; path = tmbstr.h; sourceTree = "<group>"; };
		D81E4D0110A09026006F0A90 /* utf8.c */ = {isa = PBXFileReference; fileEncoding = 4; lastKnownFileType = sourcecode.c.c; path = utf8.c; sourceTree = "<group>"; };
		D81E4D0210A09026006F0A90 /* utf8.h */ = {isa = PBXFileReference; fileEncoding = 4; lastKnownFileType = sourcecode.c.h; path = utf8.h; sourceTree = "<group>"; };
		D81E4D0310A09026006F0A90 /* version.h */ = {isa = PBXFileReference; fileEncoding = 4; lastKnownFileType = sourcecode.c.h; path = version.h; sourceTree = "<group>"; };
		D81E4D0410A09026006F0A90 /* win32tc.c */ = {isa = PBXFileReference; fileEncoding = 4; lastKnownFileType = sourcecode.c.c; path = win32tc.c; sourceTree = "<group>"; };
		D81E4D0510A09026006F0A90 /* win32tc.h */ = {isa = PBXFileReference; fileEncoding = 4; lastKnownFileType = sourcecode.c.h; path = win32tc.h; sourceTree = "<group>"; };
		D81E4D0710A09026006F0A90 /* CTidy.h */ = {isa = PBXFileReference; fileEncoding = 4; lastKnownFileType = sourcecode.c.h; path = CTidy.h; sourceTree = "<group>"; };
		D81E4D0810A09026006F0A90 /* CTidy.m */ = {isa = PBXFileReference; fileEncoding = 4; lastKnownFileType = sourcecode.c.objc; path = CTidy.m; sourceTree = "<group>"; };
		D81E4D0910A09026006F0A90 /* TouchXML.h */ = {isa = PBXFileReference; fileEncoding = 4; lastKnownFileType = sourcecode.c.h; path = TouchXML.h; sourceTree = "<group>"; };
		D84511CC10B27DB5002BE7D7 /* Reachability.h */ = {isa = PBXFileReference; fileEncoding = 4; lastKnownFileType = sourcecode.c.h; name = Reachability.h; path = Source/Reachability.h; sourceTree = "<group>"; };
		D84511CD10B27DB5002BE7D7 /* Reachability.m */ = {isa = PBXFileReference; fileEncoding = 4; lastKnownFileType = sourcecode.c.objc; name = Reachability.m; path = Source/Reachability.m; sourceTree = "<group>"; };
		D845122510B31781002BE7D7 /* InternetRequiredView.xib */ = {isa = PBXFileReference; lastKnownFileType = file.xib; name = InternetRequiredView.xib; path = Resources/InternetRequiredView.xib; sourceTree = "<group>"; };
		D845123810B318EE002BE7D7 /* InternetRequiredViewController.h */ = {isa = PBXFileReference; fileEncoding = 4; lastKnownFileType = sourcecode.c.h; path = InternetRequiredViewController.h; sourceTree = "<group>"; };
		D845123910B318EE002BE7D7 /* InternetRequiredViewController.m */ = {isa = PBXFileReference; fileEncoding = 4; lastKnownFileType = sourcecode.c.objc; path = InternetRequiredViewController.m; sourceTree = "<group>"; };
		D845123C10B31B6A002BE7D7 /* logo_large.png */ = {isa = PBXFileReference; lastKnownFileType = image.png; name = logo_large.png; path = Resources/logo_large.png; sourceTree = "<group>"; };
		D845123E10B31EC2002BE7D7 /* logo_no_internet.png */ = {isa = PBXFileReference; lastKnownFileType = image.png; name = logo_no_internet.png; path = Resources/logo_no_internet.png; sourceTree = "<group>"; };
		D845127210B328A5002BE7D7 /* SystemConfiguration.framework */ = {isa = PBXFileReference; lastKnownFileType = wrapper.framework; name = SystemConfiguration.framework; path = System/Library/Frameworks/SystemConfiguration.framework; sourceTree = SDKROOT; };
		D851C1DB10C1FEA40041F3DE /* warning_icon.png */ = {isa = PBXFileReference; lastKnownFileType = image.png; name = warning_icon.png; path = Resources/warning_icon.png; sourceTree = "<group>"; };
		D851C24110C250F90041F3DE /* warning_icon_black.png */ = {isa = PBXFileReference; lastKnownFileType = image.png; name = warning_icon_black.png; path = Resources/warning_icon_black.png; sourceTree = "<group>"; };
		D8E9749010A0971C0065EE31 /* TedometerAppDelegate.h */ = {isa = PBXFileReference; fileEncoding = 4; lastKnownFileType = sourcecode.c.h; name = TedometerAppDelegate.h; path = Source/TedometerAppDelegate.h; sourceTree = "<group>"; };
		D8E9749110A0971C0065EE31 /* TedometerAppDelegate.m */ = {isa = PBXFileReference; fileEncoding = 4; lastKnownFileType = sourcecode.c.objc; name = TedometerAppDelegate.m; path = Source/TedometerAppDelegate.m; sourceTree = "<group>"; };
		D8E9749310A097390065EE31 /* MainView.h */ = {isa = PBXFileReference; fileEncoding = 4; lastKnownFileType = sourcecode.c.h; name = MainView.h; path = Source/MainView.h; sourceTree = "<group>"; };
		D8E9749410A097390065EE31 /* MainView.m */ = {isa = PBXFileReference; fileEncoding = 4; lastKnownFileType = sourcecode.c.objc; name = MainView.m; path = Source/MainView.m; sourceTree = "<group>"; };
		D8E9749510A097390065EE31 /* MainViewController.h */ = {isa = PBXFileReference; fileEncoding = 4; lastKnownFileType = sourcecode.c.h; name = MainViewController.h; path = Source/MainViewController.h; sourceTree = "<group>"; };
		D8E9749610A097390065EE31 /* MainViewController.m */ = {isa = PBXFileReference; fileEncoding = 4; lastKnownFileType = sourcecode.c.objc; name = MainViewController.m; path = Source/MainViewController.m; sourceTree = "<group>"; };
		D8E9749A10A097930065EE31 /* LiveData.xml */ = {isa = PBXFileReference; fileEncoding = 4; lastKnownFileType = text.xml; name = LiveData.xml; path = Documentation/Design/LiveData.xml; sourceTree = "<group>"; };
		D8E9749B10A097930065EE31 /* Model.graffle */ = {isa = PBXFileReference; fileEncoding = 4; lastKnownFileType = text.xml; name = Model.graffle; path = Documentation/Design/Model.graffle; sourceTree = "<group>"; };
		D8E9749C10A097930065EE31 /* ScratchPad.graffle */ = {isa = PBXFileReference; fileEncoding = 4; lastKnownFileType = text.xml; name = ScratchPad.graffle; path = Documentation/Design/ScratchPad.graffle; sourceTree = "<group>"; };
		D8E974A010A097B10065EE31 /* FlipsideView.h */ = {isa = PBXFileReference; fileEncoding = 4; lastKnownFileType = sourcecode.c.h; name = FlipsideView.h; path = Source/FlipsideView.h; sourceTree = "<group>"; };
		D8E974A110A097B10065EE31 /* FlipsideView.m */ = {isa = PBXFileReference; fileEncoding = 4; lastKnownFileType = sourcecode.c.objc; name = FlipsideView.m; path = Source/FlipsideView.m; sourceTree = "<group>"; };
		D8E974A210A097B10065EE31 /* FlipsideViewController.h */ = {isa = PBXFileReference; fileEncoding = 4; lastKnownFileType = sourcecode.c.h; name = FlipsideViewController.h; path = Source/FlipsideViewController.h; sourceTree = "<group>"; };
		D8E974A310A097B10065EE31 /* FlipsideViewController.m */ = {isa = PBXFileReference; fileEncoding = 4; lastKnownFileType = sourcecode.c.objc; name = FlipsideViewController.m; path = Source/FlipsideViewController.m; sourceTree = "<group>"; };
		D8E974A610A097C20065EE31 /* FlipsideView.xib */ = {isa = PBXFileReference; lastKnownFileType = file.xib; name = FlipsideView.xib; path = Resources/FlipsideView.xib; sourceTree = "<group>"; };
		D8E974A810A097D00065EE31 /* MainView.xib */ = {isa = PBXFileReference; lastKnownFileType = file.xib; name = MainView.xib; path = Resources/MainView.xib; sourceTree = "<group>"; };
		D8E974AB10A097F70065EE31 /* MeterView.h */ = {isa = PBXFileReference; fileEncoding = 4; lastKnownFileType = sourcecode.c.h; name = MeterView.h; path = Source/MeterView.h; sourceTree = "<group>"; };
		D8E974AC10A097F70065EE31 /* MeterView.m */ = {isa = PBXFileReference; fileEncoding = 4; lastKnownFileType = sourcecode.c.objc; name = MeterView.m; path = Source/MeterView.m; sourceTree = "<group>"; };
		D8E974AF10A098520065EE31 /* CarbonMeter.h */ = {isa = PBXFileReference; fileEncoding = 4; lastKnownFileType = sourcecode.c.h; name = CarbonMeter.h; path = Source/CarbonMeter.h; sourceTree = "<group>"; };
		D8E974B010A098520065EE31 /* CarbonMeter.m */ = {isa = PBXFileReference; fileEncoding = 4; lastKnownFileType = sourcecode.c.objc; name = CarbonMeter.m; path = Source/CarbonMeter.m; sourceTree = "<group>"; };
		D8E974B110A098520065EE31 /* CostMeter.h */ = {isa = PBXFileReference; fileEncoding = 4; lastKnownFileType = sourcecode.c.h; name = CostMeter.h; path = Source/CostMeter.h; sourceTree = "<group>"; };
		D8E974B210A098520065EE31 /* CostMeter.m */ = {isa = PBXFileReference; fileEncoding = 4; lastKnownFileType = sourcecode.c.objc; name = CostMeter.m; path = Source/CostMeter.m; sourceTree = "<group>"; };
		D8E974B310A098520065EE31 /* Meter.h */ = {isa = PBXFileReference; fileEncoding = 4; lastKnownFileType = sourcecode.c.h; name = Meter.h; path = Source/Meter.h; sourceTree = "<group>"; };
		D8E974B410A098520065EE31 /* Meter.m */ = {isa = PBXFileReference; fileEncoding = 4; lastKnownFileType = sourcecode.c.objc; name = Meter.m; path = Source/Meter.m; sourceTree = "<group>"; };
		D8E974B510A098520065EE31 /* PowerMeter.h */ = {isa = PBXFileReference; fileEncoding = 4; lastKnownFileType = sourcecode.c.h; name = PowerMeter.h; path = Source/PowerMeter.h; sourceTree = "<group>"; };
		D8E974B610A098520065EE31 /* PowerMeter.m */ = {isa = PBXFileReference; fileEncoding = 4; lastKnownFileType = sourcecode.c.objc; name = PowerMeter.m; path = Source/PowerMeter.m; sourceTree = "<group>"; };
		D8E974B710A098520065EE31 /* TedometerData.h */ = {isa = PBXFileReference; fileEncoding = 4; lastKnownFileType = sourcecode.c.h; name = TedometerData.h; path = Source/TedometerData.h; sourceTree = "<group>"; };
		D8E974B810A098520065EE31 /* TedometerData.m */ = {isa = PBXFileReference; fileEncoding = 4; lastKnownFileType = sourcecode.c.objc; name = TedometerData.m; path = Source/TedometerData.m; sourceTree = "<group>"; };
		D8E974B910A098520065EE31 /* VoltageMeter.h */ = {isa = PBXFileReference; fileEncoding = 4; lastKnownFileType = sourcecode.c.h; name = VoltageMeter.h; path = Source/VoltageMeter.h; sourceTree = "<group>"; };
		D8E974BA10A098520065EE31 /* VoltageMeter.m */ = {isa = PBXFileReference; fileEncoding = 4; lastKnownFileType = sourcecode.c.objc; name = VoltageMeter.m; path = Source/VoltageMeter.m; sourceTree = "<group>"; };
		D8E974C110A098710065EE31 /* SynthesizeSingleton.h */ = {isa = PBXFileReference; fileEncoding = 4; lastKnownFileType = sourcecode.c.h; name = SynthesizeSingleton.h; path = Source/SynthesizeSingleton.h; sourceTree = "<group>"; };
		D8E974C210A098810065EE31 /* main.m */ = {isa = PBXFileReference; fileEncoding = 4; lastKnownFileType = sourcecode.c.objc; name = main.m; path = Source/main.m; sourceTree = "<group>"; };
		D8E974C410A098CD0065EE31 /* arrow_avg.png */ = {isa = PBXFileReference; lastKnownFileType = image.png; name = arrow_avg.png; path = Resources/arrow_avg.png; sourceTree = "<group>"; };
		D8E974C510A098CD0065EE31 /* arrow_low.png */ = {isa = PBXFileReference; lastKnownFileType = image.png; name = arrow_low.png; path = Resources/arrow_low.png; sourceTree = "<group>"; };
		D8E974C610A098CD0065EE31 /* arrow_peak.png */ = {isa = PBXFileReference; lastKnownFileType = image.png; name = arrow_peak.png; path = Resources/arrow_peak.png; sourceTree = "<group>"; };
		D8E974CA10A098E20065EE31 /* icon_full.png */ = {isa = PBXFileReference; lastKnownFileType = image.png; name = icon_full.png; path = Resources/icon_full.png; sourceTree = "<group>"; };
		D8E974CC10A098F00065EE31 /* MainWindow.xib */ = {isa = PBXFileReference; lastKnownFileType = file.xib; name = MainWindow.xib; path = Resources/MainWindow.xib; sourceTree = "<group>"; };
		D8E974CF10A099120065EE31 /* meter_bg_metal.png */ = {isa = PBXFileReference; lastKnownFileType = image.png; name = meter_bg_metal.png; path = Resources/meter_bg_metal.png; sourceTree = "<group>"; };
		D8E974D010A099120065EE31 /* meter_glare.png */ = {isa = PBXFileReference; lastKnownFileType = image.png; name = meter_glare.png; path = Resources/meter_glare.png; sourceTree = "<group>"; };
		D8E974D410A0992F0065EE31 /* translucentButton.png */ = {isa = PBXFileReference; lastKnownFileType = image.png; name = translucentButton.png; path = Resources/translucentButton.png; sourceTree = "<group>"; };
		D8E974D610A099380065EE31 /* whiteButtonPressed.png */ = {isa = PBXFileReference; lastKnownFileType = image.png; name = whiteButtonPressed.png; path = Resources/whiteButtonPressed.png; sourceTree = "<group>"; };
		D8E974E010A09AB50065EE31 /* Ted-O-Meter-Info.plist */ = {isa = PBXFileReference; fileEncoding = 4; lastKnownFileType = text.plist.xml; path = "Ted-O-Meter-Info.plist"; sourceTree = "<group>"; };
		D8E974FB10A09B500065EE31 /* MeterViewSizing.h */ = {isa = PBXFileReference; fileEncoding = 4; lastKnownFileType = sourcecode.c.h; name = MeterViewSizing.h; path = Source/MeterViewSizing.h; sourceTree = "<group>"; };
		D8E9755F10A143360065EE31 /* CorePlot-CocoaTouch.xcodeproj */ = {isa = PBXFileReference; lastKnownFileType = "wrapper.pb-project"; name = "CorePlot-CocoaTouch.xcodeproj"; path = "Frameworks/CorePlot/CorePlot-CocoaTouch.xcodeproj"; sourceTree = "<group>"; };
		D8E9757210A146890065EE31 /* QuartzCore.framework */ = {isa = PBXFileReference; lastKnownFileType = wrapper.framework; name = QuartzCore.framework; path = System/Library/Frameworks/QuartzCore.framework; sourceTree = SDKROOT; };
		D8E975AF10A147E90065EE31 /* history.xml */ = {isa = PBXFileReference; fileEncoding = 4; lastKnownFileType = text.xml; path = history.xml; sourceTree = "<group>"; };
/* End PBXFileReference section */

/* Begin PBXFrameworksBuildPhase section */
		1D60588F0D05DD3D006BFB54 /* Frameworks */ = {
			isa = PBXFrameworksBuildPhase;
			buildActionMask = 2147483647;
			files = (
				D8E9756C10A143820065EE31 /* libCorePlot-CocoaTouch.a in Frameworks */,
				1D60589F0D05DD5A006BFB54 /* Foundation.framework in Frameworks */,
				1DF5F4E00D08C38300B7A737 /* UIKit.framework in Frameworks */,
				288765590DF743DE002DB57D /* CoreGraphics.framework in Frameworks */,
				D8E9757310A146890065EE31 /* QuartzCore.framework in Frameworks */,
				D845127310B328A5002BE7D7 /* SystemConfiguration.framework in Frameworks */,
			);
			runOnlyForDeploymentPostprocessing = 0;
		};
/* End PBXFrameworksBuildPhase section */

/* Begin PBXGroup section */
		19C28FACFE9D520D11CA2CBB /* Products */ = {
			isa = PBXGroup;
			children = (
				1D6058910D05DD3D006BFB54 /* TED-O-Meter.app */,
			);
			name = Products;
			sourceTree = "<group>";
		};
		281C6CD70DB2D82200F60ACC /* Flipside View */ = {
			isa = PBXGroup;
			children = (
				D8E974A610A097C20065EE31 /* FlipsideView.xib */,
				D8E974A010A097B10065EE31 /* FlipsideView.h */,
				D8E974A110A097B10065EE31 /* FlipsideView.m */,
				D8E974A210A097B10065EE31 /* FlipsideViewController.h */,
				D8E974A310A097B10065EE31 /* FlipsideViewController.m */,
			);
			name = "Flipside View";
			sourceTree = "<group>";
		};
		289233A00DB2D0730083E9F9 /* Main View */ = {
			isa = PBXGroup;
			children = (
				D8E974AA10A097DB0065EE31 /* Meter View */,
				D8E974A810A097D00065EE31 /* MainView.xib */,
				D8E9749310A097390065EE31 /* MainView.h */,
				D8E9749410A097390065EE31 /* MainView.m */,
				D8E9749510A097390065EE31 /* MainViewController.h */,
				D8E9749610A097390065EE31 /* MainViewController.m */,
			);
			name = "Main View";
			sourceTree = "<group>";
		};
		29B97314FDCFA39411CA2CEA /* CustomTemplate */ = {
			isa = PBXGroup;
			children = (
				D8E9749910A0974B0065EE31 /* Documentation */,
				D8E974AE10A0981F0065EE31 /* Model */,
				D8E9754910A09E720065EE31 /* Views */,
				D8E9748910A096F20065EE31 /* Application Delegate */,
				29B97315FDCFA39411CA2CEA /* Other Sources */,
				29B97317FDCFA39411CA2CEA /* Resources */,
				29B97323FDCFA39411CA2CEA /* Frameworks */,
				19C28FACFE9D520D11CA2CBB /* Products */,
			);
			name = CustomTemplate;
			sourceTree = "<group>";
		};
		29B97315FDCFA39411CA2CEA /* Other Sources */ = {
			isa = PBXGroup;
			children = (
				D84511CC10B27DB5002BE7D7 /* Reachability.h */,
				D84511CD10B27DB5002BE7D7 /* Reachability.m */,
				D81E4CBA10A09026006F0A90 /* TouchXML */,
				32CA4F630368D1EE00C91783 /* Ted-O-Meter_Prefix.pch */,
				D8E974C210A098810065EE31 /* main.m */,
				D8E974FB10A09B500065EE31 /* MeterViewSizing.h */,
				D8E974C110A098710065EE31 /* SynthesizeSingleton.h */,
				D81E4CB810A09026006F0A90 /* CXMLNode-utils.h */,
				D81E4CB910A09026006F0A90 /* CXMLNode-utils.m */,
			);
			name = "Other Sources";
			sourceTree = "<group>";
		};
		29B97317FDCFA39411CA2CEA /* Resources */ = {
			isa = PBXGroup;
			children = (
				D851C24110C250F90041F3DE /* warning_icon_black.png */,
				D851C1DB10C1FEA40041F3DE /* warning_icon.png */,
				D845123E10B31EC2002BE7D7 /* logo_no_internet.png */,
				D845123C10B31B6A002BE7D7 /* logo_large.png */,
				D8E974E010A09AB50065EE31 /* Ted-O-Meter-Info.plist */,
				D8E974D610A099380065EE31 /* whiteButtonPressed.png */,
				D8E974D410A0992F0065EE31 /* translucentButton.png */,
				D8E974CC10A098F00065EE31 /* MainWindow.xib */,
				D8E974C410A098CD0065EE31 /* arrow_avg.png */,
				D8E974C510A098CD0065EE31 /* arrow_low.png */,
				D8E974C610A098CD0065EE31 /* arrow_peak.png */,
				D8E974CA10A098E20065EE31 /* icon_full.png */,
			);
			name = Resources;
			sourceTree = "<group>";
		};
		29B97323FDCFA39411CA2CEA /* Frameworks */ = {
			isa = PBXGroup;
			children = (
				D8E9755F10A143360065EE31 /* CorePlot-CocoaTouch.xcodeproj */,
				1DF5F4DF0D08C38300B7A737 /* UIKit.framework */,
				1D30AB110D05D00D00671497 /* Foundation.framework */,
				288765580DF743DE002DB57D /* CoreGraphics.framework */,
				D8E9757210A146890065EE31 /* QuartzCore.framework */,
				D845127210B328A5002BE7D7 /* SystemConfiguration.framework */,
			);
			name = Frameworks;
			sourceTree = "<group>";
		};
		D81E4CBA10A09026006F0A90 /* TouchXML */ = {
			isa = PBXGroup;
			children = (
				D81E4CBB10A09026006F0A90 /* Creation */,
				D81E4CC010A09026006F0A90 /* CXMLDocument.h */,
				D81E4CC110A09026006F0A90 /* CXMLDocument.m */,
				D81E4CC210A09026006F0A90 /* CXMLDocument_PrivateExtensions.h */,
				D81E4CC310A09026006F0A90 /* CXMLDocument_PrivateExtensions.m */,
				D81E4CC410A09026006F0A90 /* CXMLElement.h */,
				D81E4CC510A09026006F0A90 /* CXMLElement.m */,
				D81E4CC610A09026006F0A90 /* CXMLElement_CreationExtensions.h */,
				D81E4CC710A09026006F0A90 /* CXMLElement_CreationExtensions.m */,
				D81E4CC810A09026006F0A90 /* CXMLElement_ElementTreeExtensions.h */,
				D81E4CC910A09026006F0A90 /* CXMLElement_ElementTreeExtensions.m */,
				D81E4CCA10A09026006F0A90 /* CXMLNode.h */,
				D81E4CCB10A09026006F0A90 /* CXMLNode.m */,
				D81E4CCC10A09026006F0A90 /* CXMLNode_PrivateExtensions.h */,
				D81E4CCD10A09026006F0A90 /* CXMLNode_PrivateExtensions.m */,
				D81E4CCE10A09026006F0A90 /* CXMLNode_XPathExtensions.h */,
				D81E4CCF10A09026006F0A90 /* CXMLNode_XPathExtensions.m */,
				D81E4CD010A09026006F0A90 /* include */,
				D81E4CD510A09026006F0A90 /* src */,
				D81E4D0610A09026006F0A90 /* Tidy */,
				D81E4D0910A09026006F0A90 /* TouchXML.h */,
			);
			name = TouchXML;
			path = Source/TouchXML;
			sourceTree = "<group>";
		};
		D81E4CBB10A09026006F0A90 /* Creation */ = {
			isa = PBXGroup;
			children = (
				D81E4CBC10A09026006F0A90 /* CXMLDocument_CreationExtensions.h */,
				D81E4CBD10A09026006F0A90 /* CXMLDocument_CreationExtensions.m */,
				D81E4CBE10A09026006F0A90 /* CXMLNode_CreationExtensions.h */,
				D81E4CBF10A09026006F0A90 /* CXMLNode_CreationExtensions.m */,
			);
			path = Creation;
			sourceTree = "<group>";
		};
		D81E4CD010A09026006F0A90 /* include */ = {
			isa = PBXGroup;
			children = (
				D81E4CD110A09026006F0A90 /* buffio.h */,
				D81E4CD210A09026006F0A90 /* platform.h */,
				D81E4CD310A09026006F0A90 /* tidy.h */,
				D81E4CD410A09026006F0A90 /* tidyenum.h */,
			);
			path = include;
			sourceTree = "<group>";
		};
		D81E4CD510A09026006F0A90 /* src */ = {
			isa = PBXGroup;
			children = (
				D81E4CD610A09026006F0A90 /* access.c */,
				D81E4CD710A09026006F0A90 /* access.h */,
				D81E4CD810A09026006F0A90 /* alloc.c */,
				D81E4CD910A09026006F0A90 /* attrask.c */,
				D81E4CDA10A09026006F0A90 /* attrdict.c */,
				D81E4CDB10A09026006F0A90 /* attrdict.h */,
				D81E4CDC10A09026006F0A90 /* attrget.c */,
				D81E4CDD10A09026006F0A90 /* attrs.c */,
				D81E4CDE10A09026006F0A90 /* attrs.h */,
				D81E4CDF10A09026006F0A90 /* buffio.c */,
				D81E4CE010A09026006F0A90 /* charsets.c */,
				D81E4CE110A09026006F0A90 /* charsets.h */,
				D81E4CE210A09026006F0A90 /* clean.c */,
				D81E4CE310A09026006F0A90 /* clean.h */,
				D81E4CE410A09026006F0A90 /* config.c */,
				D81E4CE510A09026006F0A90 /* config.h */,
				D81E4CE610A09026006F0A90 /* entities.c */,
				D81E4CE710A09026006F0A90 /* entities.h */,
				D81E4CE810A09026006F0A90 /* fileio.c */,
				D81E4CE910A09026006F0A90 /* fileio.h */,
				D81E4CEA10A09026006F0A90 /* forward.h */,
				D81E4CEB10A09026006F0A90 /* iconvtc.c */,
				D81E4CEC10A09026006F0A90 /* iconvtc.h */,
				D81E4CED10A09026006F0A90 /* istack.c */,
				D81E4CEE10A09026006F0A90 /* lexer.c */,
				D81E4CEF10A09026006F0A90 /* lexer.h */,
				D81E4CF010A09026006F0A90 /* localize.c */,
				D81E4CF110A09026006F0A90 /* mappedio.c */,
				D81E4CF210A09026006F0A90 /* mappedio.h */,
				D81E4CF310A09026006F0A90 /* message.h */,
				D81E4CF410A09026006F0A90 /* parser.c */,
				D81E4CF510A09026006F0A90 /* parser.h */,
				D81E4CF610A09026006F0A90 /* pprint.c */,
				D81E4CF710A09026006F0A90 /* pprint.h */,
				D81E4CF810A09026006F0A90 /* streamio.c */,
				D81E4CF910A09026006F0A90 /* streamio.h */,
				D81E4CFA10A09026006F0A90 /* tagask.c */,
				D81E4CFB10A09026006F0A90 /* tags.c */,
				D81E4CFC10A09026006F0A90 /* tags.h */,
				D81E4CFD10A09026006F0A90 /* tidy-int.h */,
				D81E4CFE10A09026006F0A90 /* tidylib.c */,
				D81E4CFF10A09026006F0A90 /* tmbstr.c */,
				D81E4D0010A09026006F0A90 /* tmbstr.h */,
				D81E4D0110A09026006F0A90 /* utf8.c */,
				D81E4D0210A09026006F0A90 /* utf8.h */,
				D81E4D0310A09026006F0A90 /* version.h */,
				D81E4D0410A09026006F0A90 /* win32tc.c */,
				D81E4D0510A09026006F0A90 /* win32tc.h */,
			);
			path = src;
			sourceTree = "<group>";
		};
		D81E4D0610A09026006F0A90 /* Tidy */ = {
			isa = PBXGroup;
			children = (
				D81E4D0710A09026006F0A90 /* CTidy.h */,
				D81E4D0810A09026006F0A90 /* CTidy.m */,
			);
			path = Tidy;
			sourceTree = "<group>";
		};
		D845122810B31793002BE7D7 /* InternetRequired View */ = {
			isa = PBXGroup;
			children = (
				D845122510B31781002BE7D7 /* InternetRequiredView.xib */,
				D845123810B318EE002BE7D7 /* InternetRequiredViewController.h */,
				D845123910B318EE002BE7D7 /* InternetRequiredViewController.m */,
			);
			name = "InternetRequired View";
			sourceTree = "<group>";
		};
		D8E9748910A096F20065EE31 /* Application Delegate */ = {
			isa = PBXGroup;
			children = (
				D8E9749010A0971C0065EE31 /* TedometerAppDelegate.h */,
				D8E9749110A0971C0065EE31 /* TedometerAppDelegate.m */,
			);
			name = "Application Delegate";
			sourceTree = "<group>";
		};
		D8E9749910A0974B0065EE31 /* Documentation */ = {
			isa = PBXGroup;
			children = (
				D8E9749A10A097930065EE31 /* LiveData.xml */,
				D8E9749B10A097930065EE31 /* Model.graffle */,
				D8E9749C10A097930065EE31 /* ScratchPad.graffle */,
				D8E975AF10A147E90065EE31 /* history.xml */,
			);
			name = Documentation;
			sourceTree = "<group>";
		};
		D8E974AA10A097DB0065EE31 /* Meter View */ = {
			isa = PBXGroup;
			children = (
				D8E974CF10A099120065EE31 /* meter_bg_metal.png */,
				D8E974D010A099120065EE31 /* meter_glare.png */,
				D8E974AB10A097F70065EE31 /* MeterView.h */,
				D8E974AC10A097F70065EE31 /* MeterView.m */,
			);
			name = "Meter View";
			sourceTree = "<group>";
		};
		D8E974AE10A0981F0065EE31 /* Model */ = {
			isa = PBXGroup;
			children = (
				D8E974B710A098520065EE31 /* TedometerData.h */,
				D8E974B810A098520065EE31 /* TedometerData.m */,
				D8E974B310A098520065EE31 /* Meter.h */,
				D8E974B410A098520065EE31 /* Meter.m */,
				D8E974AF10A098520065EE31 /* CarbonMeter.h */,
				D8E974B010A098520065EE31 /* CarbonMeter.m */,
				D8E974B110A098520065EE31 /* CostMeter.h */,
				D8E974B210A098520065EE31 /* CostMeter.m */,
				D8E974B510A098520065EE31 /* PowerMeter.h */,
				D8E974B610A098520065EE31 /* PowerMeter.m */,
				D8E974B910A098520065EE31 /* VoltageMeter.h */,
				D8E974BA10A098520065EE31 /* VoltageMeter.m */,
			);
			name = Model;
			sourceTree = "<group>";
		};
		D8E9754910A09E720065EE31 /* Views */ = {
			isa = PBXGroup;
			children = (
				D845122810B31793002BE7D7 /* InternetRequired View */,
				289233A00DB2D0730083E9F9 /* Main View */,
				281C6CD70DB2D82200F60ACC /* Flipside View */,
			);
			name = Views;
			sourceTree = "<group>";
		};
		D8E9756010A143360065EE31 /* Products */ = {
			isa = PBXGroup;
			children = (
				D8E9756710A143360065EE31 /* libCorePlot-CocoaTouch.a */,
			);
			name = Products;
			sourceTree = "<group>";
		};
/* End PBXGroup section */

/* Begin PBXNativeTarget section */
		1D6058900D05DD3D006BFB54 /* TED-O-Meter */ = {
			isa = PBXNativeTarget;
			buildConfigurationList = 1D6058960D05DD3E006BFB54 /* Build configuration list for PBXNativeTarget "TED-O-Meter" */;
			buildPhases = (
				1D60588D0D05DD3D006BFB54 /* Resources */,
				1D60588E0D05DD3D006BFB54 /* Sources */,
				1D60588F0D05DD3D006BFB54 /* Frameworks */,
			);
			buildRules = (
			);
			dependencies = (
				D8E9756A10A143530065EE31 /* PBXTargetDependency */,
			);
			name = "TED-O-Meter";
			productName = Ted5000;
			productReference = 1D6058910D05DD3D006BFB54 /* TED-O-Meter.app */;
			productType = "com.apple.product-type.application";
		};
/* End PBXNativeTarget section */

/* Begin PBXProject section */
		29B97313FDCFA39411CA2CEA /* Project object */ = {
			isa = PBXProject;
			buildConfigurationList = C01FCF4E08A954540054247B /* Build configuration list for PBXProject "Ted-O-Meter" */;
			compatibilityVersion = "Xcode 3.2";
			hasScannedForEncodings = 1;
			knownRegions = (
				English,
				Japanese,
				French,
				German,
				en,
			);
			mainGroup = 29B97314FDCFA39411CA2CEA /* CustomTemplate */;
			projectDirPath = "";
			projectReferences = (
				{
					ProductGroup = D8E9756010A143360065EE31 /* Products */;
					ProjectRef = D8E9755F10A143360065EE31 /* CorePlot-CocoaTouch.xcodeproj */;
				},
			);
			projectRoot = "";
			targets = (
				1D6058900D05DD3D006BFB54 /* TED-O-Meter */,
			);
		};
/* End PBXProject section */

/* Begin PBXReferenceProxy section */
		D8E9756710A143360065EE31 /* libCorePlot-CocoaTouch.a */ = {
			isa = PBXReferenceProxy;
			fileType = archive.ar;
			path = "libCorePlot-CocoaTouch.a";
			remoteRef = D8E9756610A143360065EE31 /* PBXContainerItemProxy */;
			sourceTree = BUILT_PRODUCTS_DIR;
		};
/* End PBXReferenceProxy section */

/* Begin PBXResourcesBuildPhase section */
		1D60588D0D05DD3D006BFB54 /* Resources */ = {
			isa = PBXResourcesBuildPhase;
			buildActionMask = 2147483647;
			files = (
				D8E974A710A097C20065EE31 /* FlipsideView.xib in Resources */,
				D8E974A910A097D00065EE31 /* MainView.xib in Resources */,
				D8E974C710A098CD0065EE31 /* arrow_avg.png in Resources */,
				D8E974C810A098CD0065EE31 /* arrow_low.png in Resources */,
				D8E974C910A098CD0065EE31 /* arrow_peak.png in Resources */,
				D8E974CB10A098E20065EE31 /* icon_full.png in Resources */,
				D8E974CD10A098F00065EE31 /* MainWindow.xib in Resources */,
				D8E974D210A099120065EE31 /* meter_bg_metal.png in Resources */,
				D8E974D310A099120065EE31 /* meter_glare.png in Resources */,
				D8E974D510A0992F0065EE31 /* translucentButton.png in Resources */,
				D8E974D710A099380065EE31 /* whiteButtonPressed.png in Resources */,
				D845122610B31781002BE7D7 /* InternetRequiredView.xib in Resources */,
				D845123F10B31EC2002BE7D7 /* logo_no_internet.png in Resources */,
				D851C24210C250F90041F3DE /* warning_icon_black.png in Resources */,
			);
			runOnlyForDeploymentPostprocessing = 0;
		};
/* End PBXResourcesBuildPhase section */

/* Begin PBXSourcesBuildPhase section */
		1D60588E0D05DD3D006BFB54 /* Sources */ = {
			isa = PBXSourcesBuildPhase;
			buildActionMask = 2147483647;
			files = (
				D81E4D0A10A09027006F0A90 /* CXMLNode-utils.m in Sources */,
				D81E4D0B10A09027006F0A90 /* CXMLDocument_CreationExtensions.m in Sources */,
				D81E4D0C10A09027006F0A90 /* CXMLNode_CreationExtensions.m in Sources */,
				D81E4D0D10A09027006F0A90 /* CXMLDocument.m in Sources */,
				D81E4D0E10A09027006F0A90 /* CXMLDocument_PrivateExtensions.m in Sources */,
				D81E4D0F10A09027006F0A90 /* CXMLElement.m in Sources */,
				D81E4D1010A09027006F0A90 /* CXMLElement_CreationExtensions.m in Sources */,
				D81E4D1110A09027006F0A90 /* CXMLElement_ElementTreeExtensions.m in Sources */,
				D81E4D1210A09027006F0A90 /* CXMLNode.m in Sources */,
				D81E4D1310A09027006F0A90 /* CXMLNode_PrivateExtensions.m in Sources */,
				D81E4D1410A09027006F0A90 /* CXMLNode_XPathExtensions.m in Sources */,
				D81E4D1510A09027006F0A90 /* access.c in Sources */,
				D81E4D1610A09027006F0A90 /* alloc.c in Sources */,
				D81E4D1710A09027006F0A90 /* attrask.c in Sources */,
				D81E4D1810A09027006F0A90 /* attrdict.c in Sources */,
				D81E4D1910A09027006F0A90 /* attrget.c in Sources */,
				D81E4D1A10A09027006F0A90 /* attrs.c in Sources */,
				D81E4D1B10A09027006F0A90 /* buffio.c in Sources */,
				D81E4D1C10A09027006F0A90 /* charsets.c in Sources */,
				D81E4D1D10A09027006F0A90 /* clean.c in Sources */,
				D81E4D1E10A09027006F0A90 /* config.c in Sources */,
				D81E4D1F10A09027006F0A90 /* entities.c in Sources */,
				D81E4D2010A09027006F0A90 /* fileio.c in Sources */,
				D81E4D2110A09027006F0A90 /* iconvtc.c in Sources */,
				D81E4D2210A09027006F0A90 /* istack.c in Sources */,
				D81E4D2310A09027006F0A90 /* lexer.c in Sources */,
				D81E4D2410A09027006F0A90 /* localize.c in Sources */,
				D81E4D2510A09027006F0A90 /* mappedio.c in Sources */,
				D81E4D2610A09027006F0A90 /* parser.c in Sources */,
				D81E4D2710A09027006F0A90 /* pprint.c in Sources */,
				D81E4D2810A09027006F0A90 /* streamio.c in Sources */,
				D81E4D2910A09027006F0A90 /* tagask.c in Sources */,
				D81E4D2A10A09027006F0A90 /* tags.c in Sources */,
				D81E4D2B10A09027006F0A90 /* tidylib.c in Sources */,
				D81E4D2C10A09027006F0A90 /* tmbstr.c in Sources */,
				D81E4D2D10A09027006F0A90 /* utf8.c in Sources */,
				D81E4D2E10A09027006F0A90 /* win32tc.c in Sources */,
				D81E4D2F10A09027006F0A90 /* CTidy.m in Sources */,
				D8E9749210A0971C0065EE31 /* TedometerAppDelegate.m in Sources */,
				D8E9749710A097390065EE31 /* MainView.m in Sources */,
				D8E9749810A097390065EE31 /* MainViewController.m in Sources */,
				D8E974A410A097B10065EE31 /* FlipsideView.m in Sources */,
				D8E974A510A097B10065EE31 /* FlipsideViewController.m in Sources */,
				D8E974AD10A097F70065EE31 /* MeterView.m in Sources */,
				D8E974BB10A098520065EE31 /* CarbonMeter.m in Sources */,
				D8E974BC10A098520065EE31 /* CostMeter.m in Sources */,
				D8E974BD10A098520065EE31 /* Meter.m in Sources */,
				D8E974BE10A098520065EE31 /* PowerMeter.m in Sources */,
				D8E974BF10A098520065EE31 /* TedometerData.m in Sources */,
				D8E974C010A098520065EE31 /* VoltageMeter.m in Sources */,
				D8E974C310A098810065EE31 /* main.m in Sources */,
				D84511CE10B27DB5002BE7D7 /* Reachability.m in Sources */,
				D845123A10B318EE002BE7D7 /* InternetRequiredViewController.m in Sources */,
			);
			runOnlyForDeploymentPostprocessing = 0;
		};
/* End PBXSourcesBuildPhase section */

/* Begin PBXTargetDependency section */
		D8E9756A10A143530065EE31 /* PBXTargetDependency */ = {
			isa = PBXTargetDependency;
			name = "CorePlot-CocoaTouch";
			targetProxy = D8E9756910A143530065EE31 /* PBXContainerItemProxy */;
		};
/* End PBXTargetDependency section */

/* Begin XCBuildConfiguration section */
		1D6058940D05DD3E006BFB54 /* Debug */ = {
			isa = XCBuildConfiguration;
			buildSettings = {
				ALWAYS_SEARCH_USER_PATHS = NO;
				COPY_PHASE_STRIP = NO;
				GCC_DYNAMIC_NO_PIC = NO;
				GCC_OPTIMIZATION_LEVEL = 0;
				GCC_PRECOMPILE_PREFIX_HEADER = YES;
				GCC_PREFIX_HEADER = "Ted-O-Meter_Prefix.pch";
				INFOPLIST_FILE = "Ted-O-Meter-Info.plist";
				PRODUCT_NAME = "TED-O-Meter";
			};
			name = Debug;
		};
		1D6058950D05DD3E006BFB54 /* Release */ = {
			isa = XCBuildConfiguration;
			buildSettings = {
				ALWAYS_SEARCH_USER_PATHS = NO;
				COPY_PHASE_STRIP = YES;
				GCC_PRECOMPILE_PREFIX_HEADER = YES;
				GCC_PREFIX_HEADER = "Ted-O-Meter_Prefix.pch";
				INFOPLIST_FILE = "Ted-O-Meter-Info.plist";
				PRODUCT_NAME = "TED-O-Meter";
			};
			name = Release;
		};
		C01FCF4F08A954540054247B /* Debug */ = {
			isa = XCBuildConfiguration;
			buildSettings = {
				ARCHS = "$(ARCHS_STANDARD_32_BIT)";
				"CODE_SIGN_IDENTITY[sdk=iphoneos*]" = "iPhone Developer";
				GCC_C_LANGUAGE_STANDARD = c99;
				GCC_WARN_ABOUT_RETURN_TYPE = YES;
				GCC_WARN_UNUSED_VARIABLE = YES;
				HEADER_SEARCH_PATHS = (
					"Frameworks/CorePlot/**",
					/usr/include/libxml2,
				);
				OTHER_LDFLAGS = (
					"-all_load",
					"-ObjC",
					"-lxml2",
				);
				PREBINDING = NO;
				SDKROOT = iphoneos3.0;
			};
			name = Debug;
		};
		C01FCF5008A954540054247B /* Release */ = {
			isa = XCBuildConfiguration;
			buildSettings = {
				ARCHS = "$(ARCHS_STANDARD_32_BIT)";
				"CODE_SIGN_IDENTITY[sdk=iphoneos*]" = "iPhone Distribution: Nathan Hadfield";
				GCC_C_LANGUAGE_STANDARD = c99;
				GCC_WARN_ABOUT_RETURN_TYPE = YES;
				GCC_WARN_UNUSED_VARIABLE = YES;
				HEADER_SEARCH_PATHS = (
					"Frameworks/CorePlot/**",
					/usr/include/libxml2,
				);
				OTHER_LDFLAGS = (
					"-all_load",
					"-ObjC",
					"-lxml2",
				);
				PREBINDING = NO;
				"PROVISIONING_PROFILE[sdk=iphoneos*]" = "580EAC3A-89A3-42EF-A4A0-909B75B8E379";
				SDKROOT = iphoneos3.0;
			};
			name = Release;
		};
/* End XCBuildConfiguration section */

/* Begin XCConfigurationList section */
		1D6058960D05DD3E006BFB54 /* Build configuration list for PBXNativeTarget "TED-O-Meter" */ = {
			isa = XCConfigurationList;
			buildConfigurations = (
				1D6058940D05DD3E006BFB54 /* Debug */,
				1D6058950D05DD3E006BFB54 /* Release */,
			);
			defaultConfigurationIsVisible = 0;
			defaultConfigurationName = Release;
		};
		C01FCF4E08A954540054247B /* Build configuration list for PBXProject "Ted-O-Meter" */ = {
			isa = XCConfigurationList;
			buildConfigurations = (
				C01FCF4F08A954540054247B /* Debug */,
				C01FCF5008A954540054247B /* Release */,
			);
			defaultConfigurationIsVisible = 0;
			defaultConfigurationName = Release;
		};
/* End XCConfigurationList section */
	};
	rootObject = 29B97313FDCFA39411CA2CEA /* Project object */;
}
